PODS:
  - UIDeviceIcon (2.0.0):
    - UIDeviceModel (~> 2.0)
  - UIDeviceModel (2.0.0)

DEPENDENCIES:
  - UIDeviceIcon (from `../`)

SPEC REPOS:
  https://github.com/cocoapods/specs.git:
    - UIDeviceModel

EXTERNAL SOURCES:
  UIDeviceIcon:
    :path: "../"

SPEC CHECKSUMS:
  UIDeviceIcon: eba9018734c882e30fc79ee70cf9371d0af0e24c
  UIDeviceModel: ab52dfbfca70d2f6dcd8ca7a830869ef39a48908

PODFILE CHECKSUM: 61e61f0e5609d47964ae9d02a5ac82910eec206b

COCOAPODS: 1.6.1
