PODS:
  - UIDeviceIcon (1.0.1):
    - UIDeviceModel (~> 1.1)
  - UIDeviceModel (1.1.0)

DEPENDENCIES:
  - UIDeviceIcon (from `../`)

SPEC REPOS:
  https://github.com/cocoapods/specs.git:
    - UIDeviceModel

EXTERNAL SOURCES:
  UIDeviceIcon:
    :path: "../"

SPEC CHECKSUMS:
  UIDeviceIcon: 6c6b3904aced16f658da196d34db2c351d80ed5f
  UIDeviceModel: de2dae3735c06e6cb6505bf72c84f99be2de83f8

PODFILE CHECKSUM: 61e61f0e5609d47964ae9d02a5ac82910eec206b

COCOAPODS: 1.5.3
